
Microsoft Visual Studio Solution File, Format Version 12.00
# Visual Studio Version 17
VisualStudioVersion = 17.9.34723.18
MinimumVisualStudioVersion = 10.0.40219.1
Project("{9A19103F-16F7-4668-BE54-9A1E7A4F7556}") = "Welcome", "Welcome\Welcome.csproj", "{C5E6A393-0966-495F-A712-B8A12CCAD4FA}"
EndProject
Project("{FAE04EC0-301F-11D3-BF4B-00C04F79EFBC}") = "WelcomeExtended", "WelcomeExtended\WelcomeExtended.csproj", "{05DD657D-4FC0-4552-BD3A-1D2AE326AF74}"
EndProject
Global
	GlobalSection(SolutionConfigurationPlatforms) = preSolution
		Debug|Any CPU = Debug|Any CPU
		Release|Any CPU = Release|Any CPU
	EndGlobalSection
	GlobalSection(ProjectConfigurationPlatforms) = postSolution
		{C5E6A393-0966-495F-A712-B8A12CCAD4FA}.Debug|Any CPU.ActiveCfg = Debug|Any CPU
		{C5E6A393-0966-495F-A712-B8A12CCAD4FA}.Debug|Any CPU.Build.0 = Debug|Any CPU
		{C5E6A393-0966-495F-A712-B8A12CCAD4FA}.Release|Any CPU.ActiveCfg = Release|Any CPU
		{C5E6A393-0966-495F-A712-B8A12CCAD4FA}.Release|Any CPU.Build.0 = Release|Any CPU
		{05DD657D-4FC0-4552-BD3A-1D2AE326AF74}.Debug|Any CPU.ActiveCfg = Debug|Any CPU
		{05DD657D-4FC0-4552-BD3A-1D2AE326AF74}.Debug|Any CPU.Build.0 = Debug|Any CPU
		{05DD657D-4FC0-4552-BD3A-1D2AE326AF74}.Release|Any CPU.ActiveCfg = Release|Any CPU
		{05DD657D-4FC0-4552-BD3A-1D2AE326AF74}.Release|Any CPU.Build.0 = Release|Any CPU
	EndGlobalSection
	GlobalSection(SolutionProperties) = preSolution
		HideSolutionNode = FALSE
	EndGlobalSection
	GlobalSection(ExtensibilityGlobals) = postSolution
		SolutionGuid = {98D9B5BA-D420-495D-8A1A-0B59B5BD1530}
	EndGlobalSection
EndGlobal
